// !$*UTF8*$!
{
	archiveVersion = 1;
	classes = {
	};
	objectVersion = 50;
	objects = {

/* Begin PBXBuildFile section */
		A0446E6324AC84C300C0E259 /* AppDelegate.swift in Sources */ = {isa = PBXBuildFile; fileRef = A0446E6224AC84C300C0E259 /* AppDelegate.swift */; };
		A0446E6524AC84C300C0E259 /* SceneDelegate.swift in Sources */ = {isa = PBXBuildFile; fileRef = A0446E6424AC84C300C0E259 /* SceneDelegate.swift */; };
		A0446E6A24AC84C300C0E259 /* Main.storyboard in Resources */ = {isa = PBXBuildFile; fileRef = A0446E6824AC84C300C0E259 /* Main.storyboard */; };
		A0446E6C24AC84D400C0E259 /* Assets.xcassets in Resources */ = {isa = PBXBuildFile; fileRef = A0446E6B24AC84D400C0E259 /* Assets.xcassets */; };
		A0446E6F24AC84D400C0E259 /* LaunchScreen.storyboard in Resources */ = {isa = PBXBuildFile; fileRef = A0446E6D24AC84D400C0E259 /* LaunchScreen.storyboard */; };
		A0446E7724AC853500C0E259 /* TasksStruct.swift in Sources */ = {isa = PBXBuildFile; fileRef = A0446E7624AC853500C0E259 /* TasksStruct.swift */; };
		A0446E7924AC85B700C0E259 /* TasksTableViewController.swift in Sources */ = {isa = PBXBuildFile; fileRef = A0446E7824AC85B700C0E259 /* TasksTableViewController.swift */; };
		A0446E7B24AC876400C0E259 /* EntryViewController.swift in Sources */ = {isa = PBXBuildFile; fileRef = A0446E7A24AC876400C0E259 /* EntryViewController.swift */; };
		A0446E7D24AC87C700C0E259 /* TaskViewController.swift in Sources */ = {isa = PBXBuildFile; fileRef = A0446E7C24AC87C700C0E259 /* TaskViewController.swift */; };
/* End PBXBuildFile section */

/* Begin PBXFileReference section */
		A0446E5F24AC84C300C0E259 /* mobile-app-dev-finalproject.app */ = {isa = PBXFileReference; explicitFileType = wrapper.application; includeInIndex = 0; path = "mobile-app-dev-finalproject.app"; sourceTree = BUILT_PRODUCTS_DIR; };
		A0446E6224AC84C300C0E259 /* AppDelegate.swift */ = {isa = PBXFileReference; lastKnownFileType = sourcecode.swift; path = AppDelegate.swift; sourceTree = "<group>"; };
		A0446E6424AC84C300C0E259 /* SceneDelegate.swift */ = {isa = PBXFileReference; lastKnownFileType = sourcecode.swift; path = SceneDelegate.swift; sourceTree = "<group>"; };
		A0446E6924AC84C300C0E259 /* Base */ = {isa = PBXFileReference; lastKnownFileType = file.storyboard; name = Base; path = Base.lproj/Main.storyboard; sourceTree = "<group>"; };
		A0446E6B24AC84D400C0E259 /* Assets.xcassets */ = {isa = PBXFileReference; lastKnownFileType = folder.assetcatalog; path = Assets.xcassets; sourceTree = "<group>"; };
		A0446E6E24AC84D400C0E259 /* Base */ = {isa = PBXFileReference; lastKnownFileType = file.storyboard; name = Base; path = Base.lproj/LaunchScreen.storyboard; sourceTree = "<group>"; };
		A0446E7024AC84D400C0E259 /* Info.plist */ = {isa = PBXFileReference; lastKnownFileType = text.plist.xml; path = Info.plist; sourceTree = "<group>"; };
		A0446E7624AC853500C0E259 /* TasksStruct.swift */ = {isa = PBXFileReference; lastKnownFileType = sourcecode.swift; path = TasksStruct.swift; sourceTree = "<group>"; };
		A0446E7824AC85B700C0E259 /* TasksTableViewController.swift */ = {isa = PBXFileReference; lastKnownFileType = sourcecode.swift; path = TasksTableViewController.swift; sourceTree = "<group>"; };
		A0446E7A24AC876400C0E259 /* EntryViewController.swift */ = {isa = PBXFileReference; lastKnownFileType = sourcecode.swift; path = EntryViewController.swift; sourceTree = "<group>"; };
		A0446E7C24AC87C700C0E259 /* TaskViewController.swift */ = {isa = PBXFileReference; lastKnownFileType = sourcecode.swift; path = TaskViewController.swift; sourceTree = "<group>"; };
/* End PBXFileReference section */

/* Begin PBXFrameworksBuildPhase section */
		A0446E5C24AC84C300C0E259 /* Frameworks */ = {
			isa = PBXFrameworksBuildPhase;
			buildActionMask = 2147483647;
			files = (
			);
			runOnlyForDeploymentPostprocessing = 0;
		};
/* End PBXFrameworksBuildPhase section */

/* Begin PBXGroup section */
		A0446E5624AC84C300C0E259 = {
			isa = PBXGroup;
			children = (
				A0446E6124AC84C300C0E259 /* mobile-app-dev-finalproject */,
				A0446E6024AC84C300C0E259 /* Products */,
			);
			sourceTree = "<group>";
		};
		A0446E6024AC84C300C0E259 /* Products */ = {
			isa = PBXGroup;
			children = (
				A0446E5F24AC84C300C0E259 /* mobile-app-dev-finalproject.app */,
			);
			name = Products;
			sourceTree = "<group>";
		};
		A0446E6124AC84C300C0E259 /* mobile-app-dev-finalproject */ = {
			isa = PBXGroup;
			children = (
				A0446E6224AC84C300C0E259 /* AppDelegate.swift */,
				A0446E6424AC84C300C0E259 /* SceneDelegate.swift */,
				A0446E6824AC84C300C0E259 /* Main.storyboard */,
				A0446E6B24AC84D400C0E259 /* Assets.xcassets */,
				A0446E6D24AC84D400C0E259 /* LaunchScreen.storyboard */,
				A0446E7024AC84D400C0E259 /* Info.plist */,
				A0446E7624AC853500C0E259 /* TasksStruct.swift */,
				A0446E7824AC85B700C0E259 /* TasksTableViewController.swift */,
				A0446E7A24AC876400C0E259 /* EntryViewController.swift */,
				A0446E7C24AC87C700C0E259 /* TaskViewController.swift */,
			);
			path = "mobile-app-dev-finalproject";
			sourceTree = "<group>";
		};
/* End PBXGroup section */

/* Begin PBXNativeTarget section */
		A0446E5E24AC84C300C0E259 /* mobile-app-dev-finalproject */ = {
			isa = PBXNativeTarget;
			buildConfigurationList = A0446E7324AC84D400C0E259 /* Build configuration list for PBXNativeTarget "mobile-app-dev-finalproject" */;
			buildPhases = (
				A0446E5B24AC84C300C0E259 /* Sources */,
				A0446E5C24AC84C300C0E259 /* Frameworks */,
				A0446E5D24AC84C300C0E259 /* Resources */,
			);
			buildRules = (
			);
			dependencies = (
			);
			name = "mobile-app-dev-finalproject";
			productName = "mobile-app-dev-finalproject";
			productReference = A0446E5F24AC84C300C0E259 /* mobile-app-dev-finalproject.app */;
			productType = "com.apple.product-type.application";
		};
/* End PBXNativeTarget section */

/* Begin PBXProject section */
		A0446E5724AC84C300C0E259 /* Project object */ = {
			isa = PBXProject;
			attributes = {
				LastSwiftUpdateCheck = 1140;
				LastUpgradeCheck = 1140;
				ORGANIZATIONNAME = NTNU;
				TargetAttributes = {
					A0446E5E24AC84C300C0E259 = {
						CreatedOnToolsVersion = 11.4.1;
					};
				};
			};
			buildConfigurationList = A0446E5A24AC84C300C0E259 /* Build configuration list for PBXProject "mobile-app-dev-finalproject" */;
			compatibilityVersion = "Xcode 9.3";
			developmentRegion = en;
			hasScannedForEncodings = 0;
			knownRegions = (
				en,
				Base,
			);
			mainGroup = A0446E5624AC84C300C0E259;
			productRefGroup = A0446E6024AC84C300C0E259 /* Products */;
			projectDirPath = "";
			projectRoot = "";
			targets = (
				A0446E5E24AC84C300C0E259 /* mobile-app-dev-finalproject */,
			);
		};
/* End PBXProject section */

/* Begin PBXResourcesBuildPhase section */
		A0446E5D24AC84C300C0E259 /* Resources */ = {
			isa = PBXResourcesBuildPhase;
			buildActionMask = 2147483647;
			files = (
				A0446E6F24AC84D400C0E259 /* LaunchScreen.storyboard in Resources */,
				A0446E6C24AC84D400C0E259 /* Assets.xcassets in Resources */,
				A0446E6A24AC84C300C0E259 /* Main.storyboard in Resources */,
			);
			runOnlyForDeploymentPostprocessing = 0;
		};
/* End PBXResourcesBuildPhase section */

/* Begin PBXSourcesBuildPhase section */
		A0446E5B24AC84C300C0E259 /* Sources */ = {
			isa = PBXSourcesBuildPhase;
			buildActionMask = 2147483647;
			files = (
				A0446E7D24AC87C700C0E259 /* TaskViewController.swift in Sources */,
				A0446E7924AC85B700C0E259 /* TasksTableViewController.swift in Sources */,
				A0446E6324AC84C300C0E259 /* AppDelegate.swift in Sources */,
				A0446E6524AC84C300C0E259 /* SceneDelegate.swift in Sources */,
				A0446E7724AC853500C0E259 /* TasksStruct.swift in Sources */,
				A0446E7B24AC876400C0E259 /* EntryViewController.swift in Sources */,
			);
			runOnlyForDeploymentPostprocessing = 0;
		};
/* End PBXSourcesBuildPhase section */

/* Begin PBXVariantGroup section */
		A0446E6824AC84C300C0E259 /* Main.storyboard */ = {
			isa = PBXVariantGroup;
			children = (
				A0446E6924AC84C300C0E259 /* Base */,
			);
			name = Main.storyboard;
			sourceTree = "<group>";
		};
		A0446E6D24AC84D400C0E259 /* LaunchScreen.storyboard */ = {
			isa = PBXVariantGroup;
			children = (
				A0446E6E24AC84D400C0E259 /* Base */,
			);
			name = LaunchScreen.storyboard;
			sourceTree = "<group>";
		};
/* End PBXVariantGroup section */

/* Begin XCBuildConfiguration section */
		A0446E7124AC84D400C0E259 /* Debug */ = {
			isa = XCBuildConfiguration;
			buildSettings = {
				ALWAYS_SEARCH_USER_PATHS = NO;
				CLANG_ANALYZER_NONNULL = YES;
				CLANG_ANALYZER_NUMBER_OBJECT_CONVERSION = YES_AGGRESSIVE;
				CLANG_CXX_LANGUAGE_STANDARD = "gnu++14";
				CLANG_CXX_LIBRARY = "libc++";
				CLANG_ENABLE_MODULES = YES;
				CLANG_ENABLE_OBJC_ARC = YES;
				CLANG_ENABLE_OBJC_WEAK = YES;
				CLANG_WARN_BLOCK_CAPTURE_AUTORELEASING = YES;
				CLANG_WARN_BOOL_CONVERSION = YES;
				CLANG_WARN_COMMA = YES;
				CLANG_WARN_CONSTANT_CONVERSION = YES;
				CLANG_WARN_DEPRECATED_OBJC_IMPLEMENTATIONS = YES;
				CLANG_WARN_DIRECT_OBJC_ISA_USAGE = YES_ERROR;
				CLANG_WARN_DOCUMENTATION_COMMENTS = YES;
				CLANG_WARN_EMPTY_BODY = YES;
				CLANG_WARN_ENUM_CONVERSION = YES;
				CLANG_WARN_INFINITE_RECURSION = YES;
				CLANG_WARN_INT_CONVERSION = YES;
				CLANG_WARN_NON_LITERAL_NULL_CONVERSION = YES;
				CLANG_WARN_OBJC_IMPLICIT_RETAIN_SELF = YES;
				CLANG_WARN_OBJC_LITERAL_CONVERSION = YES;
				CLANG_WARN_OBJC_ROOT_CLASS = YES_ERROR;
				CLANG_WARN_RANGE_LOOP_ANALYSIS = YES;
				CLANG_WARN_STRICT_PROTOTYPES = YES;
				CLANG_WARN_SUSPICIOUS_MOVE = YES;
				CLANG_WARN_UNGUARDED_AVAILABILITY = YES_AGGRESSIVE;
				CLANG_WARN_UNREACHABLE_CODE = YES;
				CLANG_WARN__DUPLICATE_METHOD_MATCH = YES;
				COPY_PHASE_STRIP = NO;
				DEBUG_INFORMATION_FORMAT = dwarf;
				ENABLE_STRICT_OBJC_MSGSEND = YES;
				ENABLE_TESTABILITY = YES;
				GCC_C_LANGUAGE_STANDARD = gnu11;
				GCC_DYNAMIC_NO_PIC = NO;
				GCC_NO_COMMON_BLOCKS = YES;
				GCC_OPTIMIZATION_LEVEL = 0;
				GCC_PREPROCESSOR_DEFINITIONS = (
					"DEBUG=1",
					"$(inherited)",
				);
				GCC_WARN_64_TO_32_BIT_CONVERSION = YES;
				GCC_WARN_ABOUT_RETURN_TYPE = YES_ERROR;
				GCC_WARN_UNDECLARED_SELECTOR = YES;
				GCC_WARN_UNINITIALIZED_AUTOS = YES_AGGRESSIVE;
				GCC_WARN_UNUSED_FUNCTION = YES;
				GCC_WARN_UNUSED_VARIABLE = YES;
				IPHONEOS_DEPLOYMENT_TARGET = 13.4;
				MTL_ENABLE_DEBUG_INFO = INCLUDE_SOURCE;
				MTL_FAST_MATH = YES;
				ONLY_ACTIVE_ARCH = YES;
				SDKROOT = iphoneos;
				SWIFT_ACTIVE_COMPILATION_CONDITIONS = DEBUG;
				SWIFT_OPTIMIZATION_LEVEL = "-Onone";
			};
			name = Debug;
		};
		A0446E7224AC84D400C0E259 /* Release */ = {
			isa = XCBuildConfiguration;
			buildSettings = {
				ALWAYS_SEARCH_USER_PATHS = NO;
				CLANG_ANALYZER_NONNULL = YES;
				CLANG_ANALYZER_NUMBER_OBJECT_CONVERSION = YES_AGGRESSIVE;
				CLANG_CXX_LANGUAGE_STANDARD = "gnu++14";
				CLANG_CXX_LIBRARY = "libc++";
				CLANG_ENABLE_MODULES = YES;
				CLANG_ENABLE_OBJC_ARC = YES;
				CLANG_ENABLE_OBJC_WEAK = YES;
				CLANG_WARN_BLOCK_CAPTURE_AUTORELEASING = YES;
				CLANG_WARN_BOOL_CONVERSION = YES;
				CLANG_WARN_COMMA = YES;
				CLANG_WARN_CONSTANT_CONVERSION = YES;
				CLANG_WARN_DEPRECATED_OBJC_IMPLEMENTATIONS = YES;
				CLANG_WARN_DIRECT_OBJC_ISA_USAGE = YES_ERROR;
				CLANG_WARN_DOCUMENTATION_COMMENTS = YES;
				CLANG_WARN_EMPTY_BODY = YES;
				CLANG_WARN_ENUM_CONVERSION = YES;
				CLANG_WARN_INFINITE_RECURSION = YES;
				CLANG_WARN_INT_CONVERSION = YES;
				CLANG_WARN_NON_LITERAL_NULL_CONVERSION = YES;
				CLANG_WARN_OBJC_IMPLICIT_RETAIN_SELF = YES;
				CLANG_WARN_OBJC_LITERAL_CONVERSION = YES;
				CLANG_WARN_OBJC_ROOT_CLASS = YES_ERROR;
				CLANG_WARN_RANGE_LOOP_ANALYSIS = YES;
				CLANG_WARN_STRICT_PROTOTYPES = YES;
				CLANG_WARN_SUSPICIOUS_MOVE = YES;
				CLANG_WARN_UNGUARDED_AVAILABILITY = YES_AGGRESSIVE;
				CLANG_WARN_UNREACHABLE_CODE = YES;
				CLANG_WARN__DUPLICATE_METHOD_MATCH = YES;
				COPY_PHASE_STRIP = NO;
				DEBUG_INFORMATION_FORMAT = "dwarf-with-dsym";
				ENABLE_NS_ASSERTIONS = NO;
				ENABLE_STRICT_OBJC_MSGSEND = YES;
				GCC_C_LANGUAGE_STANDARD = gnu11;
				GCC_NO_COMMON_BLOCKS = YES;
				GCC_WARN_64_TO_32_BIT_CONVERSION = YES;
				GCC_WARN_ABOUT_RETURN_TYPE = YES_ERROR;
				GCC_WARN_UNDECLARED_SELECTOR = YES;
				GCC_WARN_UNINITIALIZED_AUTOS = YES_AGGRESSIVE;
				GCC_WARN_UNUSED_FUNCTION = YES;
				GCC_WARN_UNUSED_VARIABLE = YES;
				IPHONEOS_DEPLOYMENT_TARGET = 13.4;
				MTL_ENABLE_DEBUG_INFO = NO;
				MTL_FAST_MATH = YES;
				SDKROOT = iphoneos;
				SWIFT_COMPILATION_MODE = wholemodule;
				SWIFT_OPTIMIZATION_LEVEL = "-O";
				VALIDATE_PRODUCT = YES;
			};
			name = Release;
		};
		A0446E7424AC84D400C0E259 /* Debug */ = {
			isa = XCBuildConfiguration;
			buildSettings = {
				ASSETCATALOG_COMPILER_APPICON_NAME = AppIcon;
				CODE_SIGN_STYLE = Automatic;
				INFOPLIST_FILE = "mobile-app-dev-finalproject/Info.plist";
				LD_RUNPATH_SEARCH_PATHS = (
					"$(inherited)",
					"@executable_path/Frameworks",
				);
				PRODUCT_BUNDLE_IDENTIFIER = "tw.edu.ntnu.csie.mobile-app-dev-finalproject";
				PRODUCT_NAME = "$(TARGET_NAME)";
				SWIFT_VERSION = 5.0;
				TARGETED_DEVICE_FAMILY = "1,2";
			};
			name = Debug;
		};
		A0446E7524AC84D400C0E259 /* Release */ = {
			isa = XCBuildConfiguration;
			buildSettings = {
				ASSETCATALOG_COMPILER_APPICON_NAME = AppIcon;
				CODE_SIGN_STYLE = Automatic;
				INFOPLIST_FILE = "mobile-app-dev-finalproject/Info.plist";
				LD_RUNPATH_SEARCH_PATHS = (
					"$(inherited)",
					"@executable_path/Frameworks",
				);
				PRODUCT_BUNDLE_IDENTIFIER = "tw.edu.ntnu.csie.mobile-app-dev-finalproject";
				PRODUCT_NAME = "$(TARGET_NAME)";
				SWIFT_VERSION = 5.0;
				TARGETED_DEVICE_FAMILY = "1,2";
			};
			name = Release;
		};
/* End XCBuildConfiguration section */

/* Begin XCConfigurationList section */
		A0446E5A24AC84C300C0E259 /* Build configuration list for PBXProject "mobile-app-dev-finalproject" */ = {
			isa = XCConfigurationList;
			buildConfigurations = (
				A0446E7124AC84D400C0E259 /* Debug */,
				A0446E7224AC84D400C0E259 /* Release */,
			);
			defaultConfigurationIsVisible = 0;
			defaultConfigurationName = Release;
		};
		A0446E7324AC84D400C0E259 /* Build configuration list for PBXNativeTarget "mobile-app-dev-finalproject" */ = {
			isa = XCConfigurationList;
			buildConfigurations = (
				A0446E7424AC84D400C0E259 /* Debug */,
				A0446E7524AC84D400C0E259 /* Release */,
			);
			defaultConfigurationIsVisible = 0;
			defaultConfigurationName = Release;
		};
/* End XCConfigurationList section */
	};
	rootObject = A0446E5724AC84C300C0E259 /* Project object */;
}
